
Microsoft Visual Studio Solution File, Format Version 12.00
# Visual Studio Version 17
VisualStudioVersion = 17.12.35707.178 d17.12
MinimumVisualStudioVersion = 10.0.40219.1
Project("{FAE04EC0-301F-11D3-BF4B-00C04F79EFBC}") = "ConsoleApp.OutputDemo", "ConsoleApp.OutputDemo\ConsoleApp.OutputDemo.csproj", "{995B1DED-F0A0-45AF-BBA9-B6E3DED8B524}"
EndProject
Project("{FAE04EC0-301F-11D3-BF4B-00C04F79EFBC}") = "UserInputDemo", "UserInputDemo\UserInputDemo.csproj", "{2DF26A79-50D4-45E9-81D2-606BC98F3578}"
EndProject
Global
	GlobalSection(SolutionConfigurationPlatforms) = preSolution
		Debug|Any CPU = Debug|Any CPU
		Release|Any CPU = Release|Any CPU
	EndGlobalSection
	GlobalSection(ProjectConfigurationPlatforms) = postSolution
		{995B1DED-F0A0-45AF-BBA9-B6E3DED8B524}.Debug|Any CPU.ActiveCfg = Debug|Any CPU
		{995B1DED-F0A0-45AF-BBA9-B6E3DED8B524}.Debug|Any CPU.Build.0 = Debug|Any CPU
		{995B1DED-F0A0-45AF-BBA9-B6E3DED8B524}.Release|Any CPU.ActiveCfg = Release|Any CPU
		{995B1DED-F0A0-45AF-BBA9-B6E3DED8B524}.Release|Any CPU.Build.0 = Release|Any CPU
		{2DF26A79-50D4-45E9-81D2-606BC98F3578}.Debug|Any CPU.ActiveCfg = Debug|Any CPU
		{2DF26A79-50D4-45E9-81D2-606BC98F3578}.Debug|Any CPU.Build.0 = Debug|Any CPU
		{2DF26A79-50D4-45E9-81D2-606BC98F3578}.Release|Any CPU.ActiveCfg = Release|Any CPU
		{2DF26A79-50D4-45E9-81D2-606BC98F3578}.Release|Any CPU.Build.0 = Release|Any CPU
	EndGlobalSection
	GlobalSection(SolutionProperties) = preSolution
		HideSolutionNode = FALSE
	EndGlobalSection
EndGlobal
